
Microsoft Visual Studio Solution File, Format Version 12.00
# Visual Studio Version 16
VisualStudioVersion = 16.0.30907.101
MinimumVisualStudioVersion = 10.0.40219.1
Project("{2150E333-8FDC-42A3-9474-1A3956D46DE8}") = "src", "src", "{C9C2E9E2-5481-43AA-9F94-B8B114280053}"
EndProject
Project("{2150E333-8FDC-42A3-9474-1A3956D46DE8}") = "Backend", "Backend", "{779F76B2-4ED4-4D8E-B724-05436A76EFAB}"
EndProject
Project("{9A19103F-16F7-4668-BE54-9A1E7A4F7556}") = "WebApi", "WebApi\WebApi.csproj", "{39C106ED-0BB0-42E0-9B3F-3876C051BFAC}"
EndProject
Project("{9A19103F-16F7-4668-BE54-9A1E7A4F7556}") = "Core", "Core\Core.csproj", "{836FF759-A345-46CE-B772-356E21E25644}"
EndProject
Project("{9A19103F-16F7-4668-BE54-9A1E7A4F7556}") = "Data", "Data\Data.csproj", "{BD6D40B6-0831-4CA8-A59C-4A7ADD00149F}"
EndProject
Project("{9A19103F-16F7-4668-BE54-9A1E7A4F7556}") = "Services", "Services\Services.csproj", "{6745DE2D-6ADA-454A-9955-7B7B5ED426B6}"
EndProject
Global
	GlobalSection(SolutionConfigurationPlatforms) = preSolution
		Debug|Any CPU = Debug|Any CPU
		Release|Any CPU = Release|Any CPU
	EndGlobalSection
	GlobalSection(ProjectConfigurationPlatforms) = postSolution
		{39C106ED-0BB0-42E0-9B3F-3876C051BFAC}.Debug|Any CPU.ActiveCfg = Debug|Any CPU
		{39C106ED-0BB0-42E0-9B3F-3876C051BFAC}.Debug|Any CPU.Build.0 = Debug|Any CPU
		{39C106ED-0BB0-42E0-9B3F-3876C051BFAC}.Release|Any CPU.ActiveCfg = Release|Any CPU
		{39C106ED-0BB0-42E0-9B3F-3876C051BFAC}.Release|Any CPU.Build.0 = Release|Any CPU
		{836FF759-A345-46CE-B772-356E21E25644}.Debug|Any CPU.ActiveCfg = Debug|Any CPU
		{836FF759-A345-46CE-B772-356E21E25644}.Debug|Any CPU.Build.0 = Debug|Any CPU
		{836FF759-A345-46CE-B772-356E21E25644}.Release|Any CPU.ActiveCfg = Release|Any CPU
		{836FF759-A345-46CE-B772-356E21E25644}.Release|Any CPU.Build.0 = Release|Any CPU
		{BD6D40B6-0831-4CA8-A59C-4A7ADD00149F}.Debug|Any CPU.ActiveCfg = Debug|Any CPU
		{BD6D40B6-0831-4CA8-A59C-4A7ADD00149F}.Debug|Any CPU.Build.0 = Debug|Any CPU
		{BD6D40B6-0831-4CA8-A59C-4A7ADD00149F}.Release|Any CPU.ActiveCfg = Release|Any CPU
		{BD6D40B6-0831-4CA8-A59C-4A7ADD00149F}.Release|Any CPU.Build.0 = Release|Any CPU
		{6745DE2D-6ADA-454A-9955-7B7B5ED426B6}.Debug|Any CPU.ActiveCfg = Debug|Any CPU
		{6745DE2D-6ADA-454A-9955-7B7B5ED426B6}.Debug|Any CPU.Build.0 = Debug|Any CPU
		{6745DE2D-6ADA-454A-9955-7B7B5ED426B6}.Release|Any CPU.ActiveCfg = Release|Any CPU
		{6745DE2D-6ADA-454A-9955-7B7B5ED426B6}.Release|Any CPU.Build.0 = Release|Any CPU
	EndGlobalSection
	GlobalSection(SolutionProperties) = preSolution
		HideSolutionNode = FALSE
	EndGlobalSection
	GlobalSection(NestedProjects) = preSolution
		{779F76B2-4ED4-4D8E-B724-05436A76EFAB} = {C9C2E9E2-5481-43AA-9F94-B8B114280053}
		{39C106ED-0BB0-42E0-9B3F-3876C051BFAC} = {779F76B2-4ED4-4D8E-B724-05436A76EFAB}
		{836FF759-A345-46CE-B772-356E21E25644} = {779F76B2-4ED4-4D8E-B724-05436A76EFAB}
		{BD6D40B6-0831-4CA8-A59C-4A7ADD00149F} = {779F76B2-4ED4-4D8E-B724-05436A76EFAB}
		{6745DE2D-6ADA-454A-9955-7B7B5ED426B6} = {779F76B2-4ED4-4D8E-B724-05436A76EFAB}
	EndGlobalSection
	GlobalSection(ExtensibilityGlobals) = postSolution
		SolutionGuid = {DBE19371-30DE-4ADD-8AC5-01E41DE58E22}
	EndGlobalSection
EndGlobal
